
Microsoft Visual Studio Solution File, Format Version 12.00
# Visual Studio Version 17
VisualStudioVersion = 17.2.32630.192
MinimumVisualStudioVersion = 10.0.40219.1
Project("{FAE04EC0-301F-11D3-BF4B-00C04F79EFBC}") = "Football.WinFormsUI", "Football.WinFormsUI\Football.WinFormsUI.csproj", "{0DC90A80-E071-45BF-B4E2-61EDDBFCE9E2}"
EndProject
Project("{FAE04EC0-301F-11D3-BF4B-00C04F79EFBC}") = "Football.DAL", "Football.DAL\Football.DAL.csproj", "{69A1C043-5376-48B9-89B0-E4CD5CEBEF65}"
EndProject
Project("{FAE04EC0-301F-11D3-BF4B-00C04F79EFBC}") = "Football.Library", "Football.Library\Football.Library.csproj", "{C42E6D47-B12A-4943-AD39-66A9E53FB02E}"
EndProject
Project("{FAE04EC0-301F-11D3-BF4B-00C04F79EFBC}") = "Football.WPFUI", "WPFUI\Football.WPFUI.csproj", "{BADF584F-2BB0-4317-96C9-F5A228F1C31B}"
EndProject
Project("{FAE04EC0-301F-11D3-BF4B-00C04F79EFBC}") = "Football.Resources", "Football.Resources\Football.Resources.csproj", "{363756BB-E708-4CE9-9651-1F657CCE363C}"
EndProject
Global
	GlobalSection(SolutionConfigurationPlatforms) = preSolution
		Debug|Any CPU = Debug|Any CPU
		Release|Any CPU = Release|Any CPU
	EndGlobalSection
	GlobalSection(ProjectConfigurationPlatforms) = postSolution
		{0DC90A80-E071-45BF-B4E2-61EDDBFCE9E2}.Debug|Any CPU.ActiveCfg = Debug|Any CPU
		{0DC90A80-E071-45BF-B4E2-61EDDBFCE9E2}.Debug|Any CPU.Build.0 = Debug|Any CPU
		{0DC90A80-E071-45BF-B4E2-61EDDBFCE9E2}.Release|Any CPU.ActiveCfg = Release|Any CPU
		{0DC90A80-E071-45BF-B4E2-61EDDBFCE9E2}.Release|Any CPU.Build.0 = Release|Any CPU
		{69A1C043-5376-48B9-89B0-E4CD5CEBEF65}.Debug|Any CPU.ActiveCfg = Debug|Any CPU
		{69A1C043-5376-48B9-89B0-E4CD5CEBEF65}.Debug|Any CPU.Build.0 = Debug|Any CPU
		{69A1C043-5376-48B9-89B0-E4CD5CEBEF65}.Release|Any CPU.ActiveCfg = Release|Any CPU
		{69A1C043-5376-48B9-89B0-E4CD5CEBEF65}.Release|Any CPU.Build.0 = Release|Any CPU
		{C42E6D47-B12A-4943-AD39-66A9E53FB02E}.Debug|Any CPU.ActiveCfg = Debug|Any CPU
		{C42E6D47-B12A-4943-AD39-66A9E53FB02E}.Debug|Any CPU.Build.0 = Debug|Any CPU
		{C42E6D47-B12A-4943-AD39-66A9E53FB02E}.Release|Any CPU.ActiveCfg = Release|Any CPU
		{C42E6D47-B12A-4943-AD39-66A9E53FB02E}.Release|Any CPU.Build.0 = Release|Any CPU
		{BADF584F-2BB0-4317-96C9-F5A228F1C31B}.Debug|Any CPU.ActiveCfg = Debug|Any CPU
		{BADF584F-2BB0-4317-96C9-F5A228F1C31B}.Debug|Any CPU.Build.0 = Debug|Any CPU
		{BADF584F-2BB0-4317-96C9-F5A228F1C31B}.Release|Any CPU.ActiveCfg = Release|Any CPU
		{BADF584F-2BB0-4317-96C9-F5A228F1C31B}.Release|Any CPU.Build.0 = Release|Any CPU
		{363756BB-E708-4CE9-9651-1F657CCE363C}.Debug|Any CPU.ActiveCfg = Debug|Any CPU
		{363756BB-E708-4CE9-9651-1F657CCE363C}.Debug|Any CPU.Build.0 = Debug|Any CPU
		{363756BB-E708-4CE9-9651-1F657CCE363C}.Release|Any CPU.ActiveCfg = Release|Any CPU
		{363756BB-E708-4CE9-9651-1F657CCE363C}.Release|Any CPU.Build.0 = Release|Any CPU
	EndGlobalSection
	GlobalSection(SolutionProperties) = preSolution
		HideSolutionNode = FALSE
	EndGlobalSection
	GlobalSection(ExtensibilityGlobals) = postSolution
		SolutionGuid = {57C4B7AC-7425-451D-B03D-34885704BD36}
	EndGlobalSection
EndGlobal
